
Microsoft Visual Studio Solution File, Format Version 12.00
# Visual Studio 15
VisualStudioVersion = 15.0.27703.2026
MinimumVisualStudioVersion = 10.0.40219.1
Project("{FAE04EC0-301F-11D3-BF4B-00C04F79EFBC}") = "PollingUnit", "PollingUnit\PollingUnit.csproj", "{7A5DAFF1-1228-46DA-8773-12107DDDFB38}"
EndProject
Global
	GlobalSection(SolutionConfigurationPlatforms) = preSolution
		Debug|Any CPU = Debug|Any CPU
		Release|Any CPU = Release|Any CPU
	EndGlobalSection
	GlobalSection(ProjectConfigurationPlatforms) = postSolution
		{7A5DAFF1-1228-46DA-8773-12107DDDFB38}.Debug|Any CPU.ActiveCfg = Debug|Any CPU
		{7A5DAFF1-1228-46DA-8773-12107DDDFB38}.Debug|Any CPU.Build.0 = Debug|Any CPU
		{7A5DAFF1-1228-46DA-8773-12107DDDFB38}.Release|Any CPU.ActiveCfg = Release|Any CPU
		{7A5DAFF1-1228-46DA-8773-12107DDDFB38}.Release|Any CPU.Build.0 = Release|Any CPU
	EndGlobalSection
	GlobalSection(SolutionProperties) = preSolution
		HideSolutionNode = FALSE
	EndGlobalSection
	GlobalSection(ExtensibilityGlobals) = postSolution
		SolutionGuid = {9403755A-43DA-49BE-AB76-D210B381AE90}
	EndGlobalSection
EndGlobal
